
Microsoft Visual Studio Solution File, Format Version 12.00
# Visual Studio Version 17
VisualStudioVersion = 17.13.36105.23
MinimumVisualStudioVersion = 10.0.40219.1
Project("{54A90642-561A-4BB1-A94E-469ADEE60C69}") = "footballstatslive.client", "footballstatslive.client\footballstatslive.client.esproj", "{EB63CA9A-9192-BBE2-76CF-030F7C7E5847}"
EndProject
Project("{FAE04EC0-301F-11D3-BF4B-00C04F79EFBC}") = "FootballStatsLive.Server", "FootballStatsLive.Server\FootballStatsLive.Server.csproj", "{6C78C665-FEDE-40D4-BB32-F33B01F990A2}"
EndProject
Project("{FAE04EC0-301F-11D3-BF4B-00C04F79EFBC}") = "DataLoader", "DataLoader\DataLoader.csproj", "{156382F5-6537-4C1D-B8E8-C866C38AE576}"
EndProject
Project("{FAE04EC0-301F-11D3-BF4B-00C04F79EFBC}") = "TestFootballStatsLiveServer", "TestFootballStatsLiveServer\TestFootballStatsLiveServer.csproj", "{5F60769B-00A5-4A5D-9135-46038713390B}"
EndProject
Global
	GlobalSection(SolutionConfigurationPlatforms) = preSolution
		Debug|Any CPU = Debug|Any CPU
		Release|Any CPU = Release|Any CPU
	EndGlobalSection
	GlobalSection(ProjectConfigurationPlatforms) = postSolution
		{EB63CA9A-9192-BBE2-76CF-030F7C7E5847}.Debug|Any CPU.ActiveCfg = Debug|Any CPU
		{EB63CA9A-9192-BBE2-76CF-030F7C7E5847}.Debug|Any CPU.Build.0 = Debug|Any CPU
		{EB63CA9A-9192-BBE2-76CF-030F7C7E5847}.Debug|Any CPU.Deploy.0 = Debug|Any CPU
		{EB63CA9A-9192-BBE2-76CF-030F7C7E5847}.Release|Any CPU.ActiveCfg = Release|Any CPU
		{EB63CA9A-9192-BBE2-76CF-030F7C7E5847}.Release|Any CPU.Build.0 = Release|Any CPU
		{EB63CA9A-9192-BBE2-76CF-030F7C7E5847}.Release|Any CPU.Deploy.0 = Release|Any CPU
		{6C78C665-FEDE-40D4-BB32-F33B01F990A2}.Debug|Any CPU.ActiveCfg = Debug|Any CPU
		{6C78C665-FEDE-40D4-BB32-F33B01F990A2}.Debug|Any CPU.Build.0 = Debug|Any CPU
		{6C78C665-FEDE-40D4-BB32-F33B01F990A2}.Release|Any CPU.ActiveCfg = Release|Any CPU
		{6C78C665-FEDE-40D4-BB32-F33B01F990A2}.Release|Any CPU.Build.0 = Release|Any CPU
		{156382F5-6537-4C1D-B8E8-C866C38AE576}.Debug|Any CPU.ActiveCfg = Debug|Any CPU
		{156382F5-6537-4C1D-B8E8-C866C38AE576}.Debug|Any CPU.Build.0 = Debug|Any CPU
		{156382F5-6537-4C1D-B8E8-C866C38AE576}.Release|Any CPU.ActiveCfg = Release|Any CPU
		{156382F5-6537-4C1D-B8E8-C866C38AE576}.Release|Any CPU.Build.0 = Release|Any CPU
		{5F60769B-00A5-4A5D-9135-46038713390B}.Debug|Any CPU.ActiveCfg = Debug|Any CPU
		{5F60769B-00A5-4A5D-9135-46038713390B}.Debug|Any CPU.Build.0 = Debug|Any CPU
		{5F60769B-00A5-4A5D-9135-46038713390B}.Release|Any CPU.ActiveCfg = Release|Any CPU
		{5F60769B-00A5-4A5D-9135-46038713390B}.Release|Any CPU.Build.0 = Release|Any CPU
	EndGlobalSection
	GlobalSection(SolutionProperties) = preSolution
		HideSolutionNode = FALSE
	EndGlobalSection
	GlobalSection(ExtensibilityGlobals) = postSolution
		SolutionGuid = {20114577-F8F3-402F-ABBE-B4DA7174F7FA}
	EndGlobalSection
EndGlobal
